
Microsoft Visual Studio Solution File, Format Version 12.00
# Visual Studio Version 16
VisualStudioVersion = 16.0.33801.447
MinimumVisualStudioVersion = 10.0.40219.1
Project("{FAE04EC0-301F-11D3-BF4B-00C04F79EFBC}") = "testing api", "testing api\testing api.csproj", "{4D0F500C-2858-4072-A4F1-668F19AFB101}"
EndProject
Global
	GlobalSection(SolutionConfigurationPlatforms) = preSolution
		Debug|Any CPU = Debug|Any CPU
		Release|Any CPU = Release|Any CPU
	EndGlobalSection
	GlobalSection(ProjectConfigurationPlatforms) = postSolution
		{4D0F500C-2858-4072-A4F1-668F19AFB101}.Debug|Any CPU.ActiveCfg = Debug|Any CPU
		{4D0F500C-2858-4072-A4F1-668F19AFB101}.Debug|Any CPU.Build.0 = Debug|Any CPU
		{4D0F500C-2858-4072-A4F1-668F19AFB101}.Release|Any CPU.ActiveCfg = Release|Any CPU
		{4D0F500C-2858-4072-A4F1-668F19AFB101}.Release|Any CPU.Build.0 = Release|Any CPU
	EndGlobalSection
	GlobalSection(SolutionProperties) = preSolution
		HideSolutionNode = FALSE
	EndGlobalSection
	GlobalSection(ExtensibilityGlobals) = postSolution
		SolutionGuid = {9EA731B2-6E7F-407E-A376-52B3045D3DF5}
	EndGlobalSection
EndGlobal
