
Microsoft Visual Studio Solution File, Format Version 12.00
# Visual Studio Version 17
VisualStudioVersion = 17.6.33829.357
MinimumVisualStudioVersion = 10.0.40219.1
Project("{FAE04EC0-301F-11D3-BF4B-00C04F79EFBC}") = "jokes_app_tutorial", "jokes_app_tutorial\jokes_app_tutorial.csproj", "{D61AA4EE-65E9-4C22-AADB-DCCF19295218}"
EndProject
Global
	GlobalSection(SolutionConfigurationPlatforms) = preSolution
		Debug|Any CPU = Debug|Any CPU
		Release|Any CPU = Release|Any CPU
	EndGlobalSection
	GlobalSection(ProjectConfigurationPlatforms) = postSolution
		{D61AA4EE-65E9-4C22-AADB-DCCF19295218}.Debug|Any CPU.ActiveCfg = Debug|Any CPU
		{D61AA4EE-65E9-4C22-AADB-DCCF19295218}.Debug|Any CPU.Build.0 = Debug|Any CPU
		{D61AA4EE-65E9-4C22-AADB-DCCF19295218}.Release|Any CPU.ActiveCfg = Release|Any CPU
		{D61AA4EE-65E9-4C22-AADB-DCCF19295218}.Release|Any CPU.Build.0 = Release|Any CPU
	EndGlobalSection
	GlobalSection(SolutionProperties) = preSolution
		HideSolutionNode = FALSE
	EndGlobalSection
	GlobalSection(ExtensibilityGlobals) = postSolution
		SolutionGuid = {9A15B9FA-CA0B-42B5-B649-EB00E27A9E00}
	EndGlobalSection
EndGlobal
