
Microsoft Visual Studio Solution File, Format Version 12.00
# Visual Studio Version 17
VisualStudioVersion = 17.6.33829.357
MinimumVisualStudioVersion = 10.0.40219.1
Project("{FAE04EC0-301F-11D3-BF4B-00C04F79EFBC}") = "this one should work", "this one should work\this one should work.csproj", "{7D095738-FE82-418D-96F8-24FF90EF56E4}"
EndProject
Global
	GlobalSection(SolutionConfigurationPlatforms) = preSolution
		Debug|Any CPU = Debug|Any CPU
		Release|Any CPU = Release|Any CPU
	EndGlobalSection
	GlobalSection(ProjectConfigurationPlatforms) = postSolution
		{7D095738-FE82-418D-96F8-24FF90EF56E4}.Debug|Any CPU.ActiveCfg = Debug|Any CPU
		{7D095738-FE82-418D-96F8-24FF90EF56E4}.Debug|Any CPU.Build.0 = Debug|Any CPU
		{7D095738-FE82-418D-96F8-24FF90EF56E4}.Release|Any CPU.ActiveCfg = Release|Any CPU
		{7D095738-FE82-418D-96F8-24FF90EF56E4}.Release|Any CPU.Build.0 = Release|Any CPU
	EndGlobalSection
	GlobalSection(SolutionProperties) = preSolution
		HideSolutionNode = FALSE
	EndGlobalSection
	GlobalSection(ExtensibilityGlobals) = postSolution
		SolutionGuid = {74A7F70E-2730-4D03-9648-5C0BAA660D65}
	EndGlobalSection
EndGlobal
